
Microsoft Visual Studio Solution File, Format Version 12.00
# Visual Studio Version 17
VisualStudioVersion = 17.0.31903.59
MinimumVisualStudioVersion = 10.0.40219.1
Project("{2150E333-8FDC-42A3-9474-1A3956D46DE8}") = "src", "src", "{6FAC0230-2D16-4669-974C-DB47ABC910C1}"
EndProject
Project("{FAE04EC0-301F-11D3-BF4B-00C04F79EFBC}") = "MultiplexingDistributedCache", "src\MultiplexingDistributedCache\MultiplexingDistributedCache.csproj", "{18FB8F4C-E881-48F8-9E5C-267C2F2BB384}"
EndProject
Project("{2150E333-8FDC-42A3-9474-1A3956D46DE8}") = "tests", "tests", "{D73C110D-1798-45C8-B618-755986115812}"
EndProject
Project("{FAE04EC0-301F-11D3-BF4B-00C04F79EFBC}") = "MultiplexingDistributedCache.Tests", "tests\MultiplexingDistributedCache.Tests\MultiplexingDistributedCache.Tests.csproj", "{B1CFAD9F-4F49-4958-BC79-110F5C042A51}"
EndProject
Global
	GlobalSection(SolutionConfigurationPlatforms) = preSolution
		Debug|Any CPU = Debug|Any CPU
		Release|Any CPU = Release|Any CPU
	EndGlobalSection
	GlobalSection(SolutionProperties) = preSolution
		HideSolutionNode = FALSE
	EndGlobalSection
	GlobalSection(ProjectConfigurationPlatforms) = postSolution
		{18FB8F4C-E881-48F8-9E5C-267C2F2BB384}.Debug|Any CPU.ActiveCfg = Debug|Any CPU
		{18FB8F4C-E881-48F8-9E5C-267C2F2BB384}.Debug|Any CPU.Build.0 = Debug|Any CPU
		{18FB8F4C-E881-48F8-9E5C-267C2F2BB384}.Release|Any CPU.ActiveCfg = Release|Any CPU
		{18FB8F4C-E881-48F8-9E5C-267C2F2BB384}.Release|Any CPU.Build.0 = Release|Any CPU
		{B1CFAD9F-4F49-4958-BC79-110F5C042A51}.Debug|Any CPU.ActiveCfg = Debug|Any CPU
		{B1CFAD9F-4F49-4958-BC79-110F5C042A51}.Debug|Any CPU.Build.0 = Debug|Any CPU
		{B1CFAD9F-4F49-4958-BC79-110F5C042A51}.Release|Any CPU.ActiveCfg = Release|Any CPU
		{B1CFAD9F-4F49-4958-BC79-110F5C042A51}.Release|Any CPU.Build.0 = Release|Any CPU
	EndGlobalSection
	GlobalSection(NestedProjects) = preSolution
		{18FB8F4C-E881-48F8-9E5C-267C2F2BB384} = {6FAC0230-2D16-4669-974C-DB47ABC910C1}
		{B1CFAD9F-4F49-4958-BC79-110F5C042A51} = {D73C110D-1798-45C8-B618-755986115812}
	EndGlobalSection
EndGlobal
